
Microsoft Visual Studio Solution File, Format Version 12.00
Project("{FAE04EC0-301F-11D3-BF4B-00C04F79EFBC}") = "Cliff", "Cliff\Cliff.csproj", "{A59191E4-C58D-4017-9FB3-096389ED08BF}"
EndProject
Project("{FAE04EC0-301F-11D3-BF4B-00C04F79EFBC}") = "Cliff.InfrastructureTests", "Cliff.InfrastructureTests\Cliff.InfrastructureTests.csproj", "{D9CCFA51-64D4-4421-94B8-93D52412FCB3}"
EndProject
Project("{FAE04EC0-301F-11D3-BF4B-00C04F79EFBC}") = "Cliff.UnitTests", "Cliff.UnitTests\Cliff.UnitTests.csproj", "{5D3D42F7-A09F-4ED7-B3F0-361DEC26C2A2}"
EndProject
Project("{FAE04EC0-301F-11D3-BF4B-00C04F79EFBC}") = "Cliff.Playground", "Cliff.Playground\Cliff.Playground.csproj", "{3C0ADEE4-1BB5-4199-B632-3C437CF99019}"
EndProject
Project("{2150E333-8FDC-42A3-9474-1A3956D46DE8}") = "Meta", "Meta", "{C74FA8A6-1B12-496D-B23D-841704927784}"
	ProjectSection(SolutionItems) = preProject
		.editorconfig = .editorconfig
		.gitignore = .gitignore
		LICENSE = LICENSE
		Makefile = Makefile
		README.md = README.md
	EndProjectSection
EndProject
Project("{2150E333-8FDC-42A3-9474-1A3956D46DE8}") = "Pipelines", "Pipelines", "{4159AF0E-558F-4F80-8948-D886617B3B84}"
	ProjectSection(SolutionItems) = preProject
		pipelines\build.yml = pipelines\build-nuget.yml
		pipelines\template.yml = pipelines\build-template.yml
		pipelines\build-template-project.yml = pipelines\build-template-project.yml
	EndProjectSection
EndProject
Project("{FAE04EC0-301F-11D3-BF4B-00C04F79EFBC}") = "Cliff.Template", "Cliff.Template\Cliff.Template.csproj", "{A58581A8-D07B-4BC8-A932-4FD5B47FD4CA}"
EndProject
Global
	GlobalSection(SolutionConfigurationPlatforms) = preSolution
		Debug|Any CPU = Debug|Any CPU
		Release|Any CPU = Release|Any CPU
	EndGlobalSection
	GlobalSection(ProjectConfigurationPlatforms) = postSolution
		{A59191E4-C58D-4017-9FB3-096389ED08BF}.Debug|Any CPU.ActiveCfg = Debug|Any CPU
		{A59191E4-C58D-4017-9FB3-096389ED08BF}.Debug|Any CPU.Build.0 = Debug|Any CPU
		{A59191E4-C58D-4017-9FB3-096389ED08BF}.Release|Any CPU.ActiveCfg = Release|Any CPU
		{A59191E4-C58D-4017-9FB3-096389ED08BF}.Release|Any CPU.Build.0 = Release|Any CPU
		{D9CCFA51-64D4-4421-94B8-93D52412FCB3}.Debug|Any CPU.ActiveCfg = Debug|Any CPU
		{D9CCFA51-64D4-4421-94B8-93D52412FCB3}.Debug|Any CPU.Build.0 = Debug|Any CPU
		{D9CCFA51-64D4-4421-94B8-93D52412FCB3}.Release|Any CPU.ActiveCfg = Release|Any CPU
		{D9CCFA51-64D4-4421-94B8-93D52412FCB3}.Release|Any CPU.Build.0 = Release|Any CPU
		{5D3D42F7-A09F-4ED7-B3F0-361DEC26C2A2}.Debug|Any CPU.ActiveCfg = Debug|Any CPU
		{5D3D42F7-A09F-4ED7-B3F0-361DEC26C2A2}.Debug|Any CPU.Build.0 = Debug|Any CPU
		{5D3D42F7-A09F-4ED7-B3F0-361DEC26C2A2}.Release|Any CPU.ActiveCfg = Release|Any CPU
		{5D3D42F7-A09F-4ED7-B3F0-361DEC26C2A2}.Release|Any CPU.Build.0 = Release|Any CPU
		{3C0ADEE4-1BB5-4199-B632-3C437CF99019}.Debug|Any CPU.ActiveCfg = Debug|Any CPU
		{3C0ADEE4-1BB5-4199-B632-3C437CF99019}.Debug|Any CPU.Build.0 = Debug|Any CPU
		{3C0ADEE4-1BB5-4199-B632-3C437CF99019}.Release|Any CPU.ActiveCfg = Release|Any CPU
		{3C0ADEE4-1BB5-4199-B632-3C437CF99019}.Release|Any CPU.Build.0 = Release|Any CPU
		{A58581A8-D07B-4BC8-A932-4FD5B47FD4CA}.Debug|Any CPU.ActiveCfg = Debug|Any CPU
		{A58581A8-D07B-4BC8-A932-4FD5B47FD4CA}.Release|Any CPU.ActiveCfg = Release|Any CPU
		{A58581A8-D07B-4BC8-A932-4FD5B47FD4CA}.Release|Any CPU.Build.0 = Release|Any CPU
		{A58581A8-D07B-4BC8-A932-4FD5B47FD4CA}.Debug|Any CPU.Build.0 = Debug|Any CPU
	EndGlobalSection
	GlobalSection(NestedProjects) = preSolution
	EndGlobalSection
EndGlobal
